
Microsoft Visual Studio Solution File, Format Version 12.00
# Visual Studio Version 17
VisualStudioVersion = 17.5.33627.172
MinimumVisualStudioVersion = 10.0.40219.1
Project("{FAE04EC0-301F-11D3-BF4B-00C04F79EFBC}") = "Logica_Clases", "Logica_Clases\Logica_Clases.csproj", "{BAABDF61-ABB0-46AE-8D09-55B5605FF0C1}"
EndProject
Global
	GlobalSection(SolutionConfigurationPlatforms) = preSolution
		Debug|Any CPU = Debug|Any CPU
		Release|Any CPU = Release|Any CPU
	EndGlobalSection
	GlobalSection(ProjectConfigurationPlatforms) = postSolution
		{BAABDF61-ABB0-46AE-8D09-55B5605FF0C1}.Debug|Any CPU.ActiveCfg = Debug|Any CPU
		{BAABDF61-ABB0-46AE-8D09-55B5605FF0C1}.Debug|Any CPU.Build.0 = Debug|Any CPU
		{BAABDF61-ABB0-46AE-8D09-55B5605FF0C1}.Release|Any CPU.ActiveCfg = Release|Any CPU
		{BAABDF61-ABB0-46AE-8D09-55B5605FF0C1}.Release|Any CPU.Build.0 = Release|Any CPU
	EndGlobalSection
	GlobalSection(SolutionProperties) = preSolution
		HideSolutionNode = FALSE
	EndGlobalSection
	GlobalSection(ExtensibilityGlobals) = postSolution
		SolutionGuid = {433A943C-DB8E-40F0-8D8C-F1EE11A01A68}
	EndGlobalSection
EndGlobal
