
Microsoft Visual Studio Solution File, Format Version 12.00
# Visual Studio Version 17
VisualStudioVersion = 17.5.33627.172
MinimumVisualStudioVersion = 10.0.40219.1
Project("{FAE04EC0-301F-11D3-BF4B-00C04F79EFBC}") = "PruebaWinForm", "PruebaWinForm\PruebaWinForm.csproj", "{CB32420C-1577-4E02-9445-1F16EB7FB19D}"
	ProjectSection(ProjectDependencies) = postProject
		{ECF755AA-FE61-47E9-A480-73951A3D199C} = {ECF755AA-FE61-47E9-A480-73951A3D199C}
	EndProjectSection
EndProject
Project("{FAE04EC0-301F-11D3-BF4B-00C04F79EFBC}") = "BiblioDeClases", "BiblioDeClases\BiblioDeClases.csproj", "{ECF755AA-FE61-47E9-A480-73951A3D199C}"
EndProject
Global
	GlobalSection(SolutionConfigurationPlatforms) = preSolution
		Debug|Any CPU = Debug|Any CPU
		Release|Any CPU = Release|Any CPU
	EndGlobalSection
	GlobalSection(ProjectConfigurationPlatforms) = postSolution
		{CB32420C-1577-4E02-9445-1F16EB7FB19D}.Debug|Any CPU.ActiveCfg = Debug|Any CPU
		{CB32420C-1577-4E02-9445-1F16EB7FB19D}.Debug|Any CPU.Build.0 = Debug|Any CPU
		{CB32420C-1577-4E02-9445-1F16EB7FB19D}.Release|Any CPU.ActiveCfg = Release|Any CPU
		{CB32420C-1577-4E02-9445-1F16EB7FB19D}.Release|Any CPU.Build.0 = Release|Any CPU
		{ECF755AA-FE61-47E9-A480-73951A3D199C}.Debug|Any CPU.ActiveCfg = Debug|Any CPU
		{ECF755AA-FE61-47E9-A480-73951A3D199C}.Debug|Any CPU.Build.0 = Debug|Any CPU
		{ECF755AA-FE61-47E9-A480-73951A3D199C}.Release|Any CPU.ActiveCfg = Release|Any CPU
		{ECF755AA-FE61-47E9-A480-73951A3D199C}.Release|Any CPU.Build.0 = Release|Any CPU
	EndGlobalSection
	GlobalSection(SolutionProperties) = preSolution
		HideSolutionNode = FALSE
	EndGlobalSection
	GlobalSection(ExtensibilityGlobals) = postSolution
		SolutionGuid = {E18DD89C-637F-45C0-900B-82FEFC0F4031}
	EndGlobalSection
EndGlobal
